
Microsoft Visual Studio Solution File, Format Version 12.00
# Visual Studio Version 17
VisualStudioVersion = 17.6.33723.286
MinimumVisualStudioVersion = 10.0.40219.1
Project("{8BC9CEB8-8B4A-11D0-8D11-00A0C91BC942}") = "HolPro", "HolPro\HolPro.vcxproj", "{923BD4B0-FBBE-C9D1-516D-498DBBC5D3E4}"
EndProject
Project("{8BC9CEB8-8B4A-11D0-8D11-00A0C91BC942}") = "NewScProj", "NewScProj\NewScProj.vcxproj", "{68C81E6E-EA30-65AF-2725-CF136FD0975C}"
EndProject
Project("{2150E333-8FDC-42A3-9474-1A3956D46DE8}") = "tool", "tool", "{714F81D7-2258-489B-ABF5-07E756BBB000}"
EndProject
Global
	GlobalSection(SolutionConfigurationPlatforms) = preSolution
		Release|x64 = Release|x64
		Release|x86 = Release|x86
	EndGlobalSection
	GlobalSection(ProjectConfigurationPlatforms) = postSolution
		{923BD4B0-FBBE-C9D1-516D-498DBBC5D3E4}.Release|x64.ActiveCfg = Release|x64
		{923BD4B0-FBBE-C9D1-516D-498DBBC5D3E4}.Release|x64.Build.0 = Release|x64
		{923BD4B0-FBBE-C9D1-516D-498DBBC5D3E4}.Release|x86.ActiveCfg = Release|Win32
		{923BD4B0-FBBE-C9D1-516D-498DBBC5D3E4}.Release|x86.Build.0 = Release|Win32
		{68C81E6E-EA30-65AF-2725-CF136FD0975C}.Release|x64.ActiveCfg = Release|Win32
		{68C81E6E-EA30-65AF-2725-CF136FD0975C}.Release|x64.Build.0 = Release|Win32
		{68C81E6E-EA30-65AF-2725-CF136FD0975C}.Release|x86.ActiveCfg = Release|Win32
		{68C81E6E-EA30-65AF-2725-CF136FD0975C}.Release|x86.Build.0 = Release|Win32
	EndGlobalSection
	GlobalSection(SolutionProperties) = preSolution
		HideSolutionNode = FALSE
	EndGlobalSection
	GlobalSection(NestedProjects) = preSolution
		{68C81E6E-EA30-65AF-2725-CF136FD0975C} = {714F81D7-2258-489B-ABF5-07E756BBB000}
	EndGlobalSection
	GlobalSection(ExtensibilityGlobals) = postSolution
		SolutionGuid = {D474E1E0-DB37-4C64-9FCD-BDE2DCB5F134}
		        SolutionGuid = {31E95A3C-0BE4-4890-815C-0391F78DB4AF}
		    SolutionGuid = {0A7AB709-7E2F-4C29-BCBC-0C0093D1DE9D}
	EndGlobalSection
EndGlobal
